// !$*UTF8*$!
{
	archiveVersion = 1;
	classes = {
	};
	objectVersion = 50;
	objects = {

/* Begin PBXBuildFile section */
		493ABA1F245B43B600C41295 /* CreateBattleViewController.swift in Sources */ = {isa = PBXBuildFile; fileRef = 493ABA1D245B43B600C41295 /* CreateBattleViewController.swift */; };
		493ABA20245B43B600C41295 /* CreateBattleViewController.xib in Resources */ = {isa = PBXBuildFile; fileRef = 493ABA1E245B43B600C41295 /* CreateBattleViewController.xib */; };
		493ABA22245B49CB00C41295 /* BattlesViewModel.swift in Sources */ = {isa = PBXBuildFile; fileRef = 493ABA21245B49CB00C41295 /* BattlesViewModel.swift */; };
		493ABA24245C032B00C41295 /* BattlesRepository.swift in Sources */ = {isa = PBXBuildFile; fileRef = 493ABA23245C032B00C41295 /* BattlesRepository.swift */; };
		493ABA26245C03E300C41295 /* BattlesRepositoryCoreData.swift in Sources */ = {isa = PBXBuildFile; fileRef = 493ABA25245C03E300C41295 /* BattlesRepositoryCoreData.swift */; };
		493ABA2A245C087500C41295 /* BattleCellViewModel.swift in Sources */ = {isa = PBXBuildFile; fileRef = 493ABA29245C087500C41295 /* BattleCellViewModel.swift */; };
		493ABA2C245C0D7D00C41295 /* CreateBattleViewModel.swift in Sources */ = {isa = PBXBuildFile; fileRef = 493ABA2B245C0D7D00C41295 /* CreateBattleViewModel.swift */; };
		493ABA2E245C0F1100C41295 /* BattleResult.swift in Sources */ = {isa = PBXBuildFile; fileRef = 493ABA2D245C0F1100C41295 /* BattleResult.swift */; };
		493ABA30245C168D00C41295 /* CreateBattleCoordinator.swift in Sources */ = {isa = PBXBuildFile; fileRef = 493ABA2F245C168D00C41295 /* CreateBattleCoordinator.swift */; };
		493ABA32245C329F00C41295 /* UIViewController.swift in Sources */ = {isa = PBXBuildFile; fileRef = 493ABA31245C329F00C41295 /* UIViewController.swift */; };
		493ABA39245D695A00C41295 /* BattleSmallCellViewModel.swift in Sources */ = {isa = PBXBuildFile; fileRef = 493ABA38245D695A00C41295 /* BattleSmallCellViewModel.swift */; };
		493ABA3C245D739300C41295 /* BattleSmallCell.swift in Sources */ = {isa = PBXBuildFile; fileRef = 493ABA3A245D739300C41295 /* BattleSmallCell.swift */; };
		493ABA3D245D739300C41295 /* BattleSmallCell.xib in Resources */ = {isa = PBXBuildFile; fileRef = 493ABA3B245D739300C41295 /* BattleSmallCell.xib */; };
		493ABA3F245D7C2A00C41295 /* HeroDetailCoordinator.swift in Sources */ = {isa = PBXBuildFile; fileRef = 493ABA3E245D7C2A00C41295 /* HeroDetailCoordinator.swift */; };
		493ABA41245D801800C41295 /* HeroType.swift in Sources */ = {isa = PBXBuildFile; fileRef = 493ABA40245D801700C41295 /* HeroType.swift */; };
		493ABA45245D85D800C41295 /* EditHeroPowerViewController.swift in Sources */ = {isa = PBXBuildFile; fileRef = 493ABA43245D85D800C41295 /* EditHeroPowerViewController.swift */; };
		493ABA46245D85D800C41295 /* EditHeroPowerViewController.xib in Resources */ = {isa = PBXBuildFile; fileRef = 493ABA44245D85D800C41295 /* EditHeroPowerViewController.xib */; };
		493ABA48245D8CD500C41295 /* EditHeroPowerViewModel.swift in Sources */ = {isa = PBXBuildFile; fileRef = 493ABA47245D8CD500C41295 /* EditHeroPowerViewModel.swift */; };
		493ABA4A245DB8F900C41295 /* EditAvengerPowerViewModel.swift in Sources */ = {isa = PBXBuildFile; fileRef = 493ABA49245DB8F900C41295 /* EditAvengerPowerViewModel.swift */; };
		493ABA4C245DE4C700C41295 /* EditVillainPowerViewModel.swift in Sources */ = {isa = PBXBuildFile; fileRef = 493ABA4B245DE4C700C41295 /* EditVillainPowerViewModel.swift */; };
		49A336A02459E14700C4A899 /* HeroDetailViewModel.swift in Sources */ = {isa = PBXBuildFile; fileRef = 49A3369F2459E14700C4A899 /* HeroDetailViewModel.swift */; };
		49A336A22459E3CE00C4A899 /* AvengerDetailViewModel.swift in Sources */ = {isa = PBXBuildFile; fileRef = 49A336A12459E3CE00C4A899 /* AvengerDetailViewModel.swift */; };
		49A336A42459ED7E00C4A899 /* VillainDetailViewModel.swift in Sources */ = {isa = PBXBuildFile; fileRef = 49A336A32459ED7E00C4A899 /* VillainDetailViewModel.swift */; };
		49A336A82459F1BB00C4A899 /* BattleCell.swift in Sources */ = {isa = PBXBuildFile; fileRef = 49A336A62459F1BB00C4A899 /* BattleCell.swift */; };
		49A336A92459F1BB00C4A899 /* BattleCell.xib in Resources */ = {isa = PBXBuildFile; fileRef = 49A336A72459F1BB00C4A899 /* BattleCell.xib */; };
		49AE3DBF245897100099D447 /* Hero.swift in Sources */ = {isa = PBXBuildFile; fileRef = 49AE3DBE245897100099D447 /* Hero.swift */; };
		49AE3DC124589C790099D447 /* SettingsRepository.swift in Sources */ = {isa = PBXBuildFile; fileRef = 49AE3DC024589C790099D447 /* SettingsRepository.swift */; };
		49AE3DC424589D6F0099D447 /* SettingsRepositoryUserDefaults.swift in Sources */ = {isa = PBXBuildFile; fileRef = 49AE3DC324589D6F0099D447 /* SettingsRepositoryUserDefaults.swift */; };
		49AE3DC72458A13A0099D447 /* Log.swift in Sources */ = {isa = PBXBuildFile; fileRef = 49AE3DC62458A13A0099D447 /* Log.swift */; };
		49AE3DC92458A6210099D447 /* VillainsRepository.swift in Sources */ = {isa = PBXBuildFile; fileRef = 49AE3DC82458A6210099D447 /* VillainsRepository.swift */; };
		49AE3DCB2458A9460099D447 /* villains_data.json in Resources */ = {isa = PBXBuildFile; fileRef = 49AE3DCA2458A9460099D447 /* villains_data.json */; };
		49AE3DCD2458A9BF0099D447 /* VillainsViewModel.swift in Sources */ = {isa = PBXBuildFile; fileRef = 49AE3DCC2458A9BF0099D447 /* VillainsViewModel.swift */; };
		49AE3DCF2458AB340099D447 /* VillainsRepositoryCoreData.swift in Sources */ = {isa = PBXBuildFile; fileRef = 49AE3DCE2458AB340099D447 /* VillainsRepositoryCoreData.swift */; };
		49AE3DD32458AEDD0099D447 /* HeroDetailViewController.swift in Sources */ = {isa = PBXBuildFile; fileRef = 49AE3DD12458AEDD0099D447 /* HeroDetailViewController.swift */; };
		49AE3DD42458AEDD0099D447 /* HeroDetailViewController.xib in Resources */ = {isa = PBXBuildFile; fileRef = 49AE3DD22458AEDD0099D447 /* HeroDetailViewController.xib */; };
		49BF157B24521AB200FD5BEE /* AppDelegate.swift in Sources */ = {isa = PBXBuildFile; fileRef = 49BF157A24521AB200FD5BEE /* AppDelegate.swift */; };
		49BF157D24521AB200FD5BEE /* SceneDelegate.swift in Sources */ = {isa = PBXBuildFile; fileRef = 49BF157C24521AB200FD5BEE /* SceneDelegate.swift */; };
		49BF158524521AB200FD5BEE /* AvengersApp.xcdatamodeld in Sources */ = {isa = PBXBuildFile; fileRef = 49BF158324521AB200FD5BEE /* AvengersApp.xcdatamodeld */; };
		49BF158724521AB500FD5BEE /* Assets.xcassets in Resources */ = {isa = PBXBuildFile; fileRef = 49BF158624521AB500FD5BEE /* Assets.xcassets */; };
		49BF158A24521AB500FD5BEE /* LaunchScreen.storyboard in Resources */ = {isa = PBXBuildFile; fileRef = 49BF158824521AB500FD5BEE /* LaunchScreen.storyboard */; };
		49BF159824521F1400FD5BEE /* Coordinator.swift in Sources */ = {isa = PBXBuildFile; fileRef = 49BF159724521F1400FD5BEE /* Coordinator.swift */; };
		49BF159A24521F6500FD5BEE /* AppCoordinator.swift in Sources */ = {isa = PBXBuildFile; fileRef = 49BF159924521F6500FD5BEE /* AppCoordinator.swift */; };
		49BF159E245221BB00FD5BEE /* AvengersViewController.swift in Sources */ = {isa = PBXBuildFile; fileRef = 49BF159C245221BB00FD5BEE /* AvengersViewController.swift */; };
		49BF159F245221BB00FD5BEE /* AvengersViewController.xib in Resources */ = {isa = PBXBuildFile; fileRef = 49BF159D245221BB00FD5BEE /* AvengersViewController.xib */; };
		49BF15A12452224B00FD5BEE /* AvengersCoordinator.swift in Sources */ = {isa = PBXBuildFile; fileRef = 49BF15A02452224B00FD5BEE /* AvengersCoordinator.swift */; };
		49BF15A724523E0000FD5BEE /* Colors.xcassets in Resources */ = {isa = PBXBuildFile; fileRef = 49BF15A624523E0000FD5BEE /* Colors.xcassets */; };
		49BF15AA24523E7D00FD5BEE /* UIColor.swift in Sources */ = {isa = PBXBuildFile; fileRef = 49BF15A924523E7D00FD5BEE /* UIColor.swift */; };
		49BF15AE24523F4E00FD5BEE /* VillainsViewController.swift in Sources */ = {isa = PBXBuildFile; fileRef = 49BF15AC24523F4E00FD5BEE /* VillainsViewController.swift */; };
		49BF15AF24523F4E00FD5BEE /* VillainsViewController.xib in Resources */ = {isa = PBXBuildFile; fileRef = 49BF15AD24523F4E00FD5BEE /* VillainsViewController.xib */; };
		49BF15B124523F6C00FD5BEE /* VillainsCoordinator.swift in Sources */ = {isa = PBXBuildFile; fileRef = 49BF15B024523F6C00FD5BEE /* VillainsCoordinator.swift */; };
		49BF15B52452407C00FD5BEE /* BattlesViewController.swift in Sources */ = {isa = PBXBuildFile; fileRef = 49BF15B32452407C00FD5BEE /* BattlesViewController.swift */; };
		49BF15B62452407C00FD5BEE /* BattlesViewController.xib in Resources */ = {isa = PBXBuildFile; fileRef = 49BF15B42452407C00FD5BEE /* BattlesViewController.xib */; };
		49BF15B8245240C000FD5BEE /* BattlesCoordinator.swift in Sources */ = {isa = PBXBuildFile; fileRef = 49BF15B7245240C000FD5BEE /* BattlesCoordinator.swift */; };
		49BF15BE245242AF00FD5BEE /* HeroCell.swift in Sources */ = {isa = PBXBuildFile; fileRef = 49BF15BC245242AF00FD5BEE /* HeroCell.swift */; };
		49BF15BF245242AF00FD5BEE /* HeroCell.xib in Resources */ = {isa = PBXBuildFile; fileRef = 49BF15BD245242AF00FD5BEE /* HeroCell.xib */; };
		49BF15C12452430100FD5BEE /* NibLoadableView.swift in Sources */ = {isa = PBXBuildFile; fileRef = 49BF15C02452430100FD5BEE /* NibLoadableView.swift */; };
		49BF15C32452431900FD5BEE /* ReusableView.swift in Sources */ = {isa = PBXBuildFile; fileRef = 49BF15C22452431900FD5BEE /* ReusableView.swift */; };
		49D6581024573F65000EBF4B /* AvengersViewModel.swift in Sources */ = {isa = PBXBuildFile; fileRef = 49D6580F24573F65000EBF4B /* AvengersViewModel.swift */; };
		49D658122457407C000EBF4B /* HeroCellViewModel.swift in Sources */ = {isa = PBXBuildFile; fileRef = 49D658112457407C000EBF4B /* HeroCellViewModel.swift */; };
		49D6581424574858000EBF4B /* AvengersRepository.swift in Sources */ = {isa = PBXBuildFile; fileRef = 49D6581324574858000EBF4B /* AvengersRepository.swift */; };
		49D658172457495D000EBF4B /* AvengersRepositoryCoreData.swift in Sources */ = {isa = PBXBuildFile; fileRef = 49D658162457495D000EBF4B /* AvengersRepositoryCoreData.swift */; };
		49D6581924574A52000EBF4B /* CoreDataDatabase.swift in Sources */ = {isa = PBXBuildFile; fileRef = 49D6581824574A52000EBF4B /* CoreDataDatabase.swift */; };
		49D6581B24574C01000EBF4B /* CoreDataRepository.swift in Sources */ = {isa = PBXBuildFile; fileRef = 49D6581A24574C01000EBF4B /* CoreDataRepository.swift */; };
		49D6581F24575E1B000EBF4B /* avengers_data.json in Resources */ = {isa = PBXBuildFile; fileRef = 49D6581E24575E1B000EBF4B /* avengers_data.json */; };
/* End PBXBuildFile section */

/* Begin PBXFileReference section */
		493ABA1D245B43B600C41295 /* CreateBattleViewController.swift */ = {isa = PBXFileReference; lastKnownFileType = sourcecode.swift; path = CreateBattleViewController.swift; sourceTree = "<group>"; };
		493ABA1E245B43B600C41295 /* CreateBattleViewController.xib */ = {isa = PBXFileReference; lastKnownFileType = file.xib; path = CreateBattleViewController.xib; sourceTree = "<group>"; };
		493ABA21245B49CB00C41295 /* BattlesViewModel.swift */ = {isa = PBXFileReference; lastKnownFileType = sourcecode.swift; path = BattlesViewModel.swift; sourceTree = "<group>"; };
		493ABA23245C032B00C41295 /* BattlesRepository.swift */ = {isa = PBXFileReference; lastKnownFileType = sourcecode.swift; path = BattlesRepository.swift; sourceTree = "<group>"; };
		493ABA25245C03E300C41295 /* BattlesRepositoryCoreData.swift */ = {isa = PBXFileReference; lastKnownFileType = sourcecode.swift; path = BattlesRepositoryCoreData.swift; sourceTree = "<group>"; };
		493ABA29245C087500C41295 /* BattleCellViewModel.swift */ = {isa = PBXFileReference; lastKnownFileType = sourcecode.swift; path = BattleCellViewModel.swift; sourceTree = "<group>"; };
		493ABA2B245C0D7D00C41295 /* CreateBattleViewModel.swift */ = {isa = PBXFileReference; lastKnownFileType = sourcecode.swift; path = CreateBattleViewModel.swift; sourceTree = "<group>"; };
		493ABA2D245C0F1100C41295 /* BattleResult.swift */ = {isa = PBXFileReference; lastKnownFileType = sourcecode.swift; path = BattleResult.swift; sourceTree = "<group>"; };
		493ABA2F245C168D00C41295 /* CreateBattleCoordinator.swift */ = {isa = PBXFileReference; lastKnownFileType = sourcecode.swift; path = CreateBattleCoordinator.swift; sourceTree = "<group>"; };
		493ABA31245C329F00C41295 /* UIViewController.swift */ = {isa = PBXFileReference; lastKnownFileType = sourcecode.swift; path = UIViewController.swift; sourceTree = "<group>"; };
		493ABA38245D695A00C41295 /* BattleSmallCellViewModel.swift */ = {isa = PBXFileReference; lastKnownFileType = sourcecode.swift; path = BattleSmallCellViewModel.swift; sourceTree = "<group>"; };
		493ABA3A245D739300C41295 /* BattleSmallCell.swift */ = {isa = PBXFileReference; lastKnownFileType = sourcecode.swift; path = BattleSmallCell.swift; sourceTree = "<group>"; };
		493ABA3B245D739300C41295 /* BattleSmallCell.xib */ = {isa = PBXFileReference; lastKnownFileType = file.xib; path = BattleSmallCell.xib; sourceTree = "<group>"; };
		493ABA3E245D7C2A00C41295 /* HeroDetailCoordinator.swift */ = {isa = PBXFileReference; lastKnownFileType = sourcecode.swift; path = HeroDetailCoordinator.swift; sourceTree = "<group>"; };
		493ABA40245D801700C41295 /* HeroType.swift */ = {isa = PBXFileReference; lastKnownFileType = sourcecode.swift; path = HeroType.swift; sourceTree = "<group>"; };
		493ABA43245D85D800C41295 /* EditHeroPowerViewController.swift */ = {isa = PBXFileReference; lastKnownFileType = sourcecode.swift; path = EditHeroPowerViewController.swift; sourceTree = "<group>"; };
		493ABA44245D85D800C41295 /* EditHeroPowerViewController.xib */ = {isa = PBXFileReference; lastKnownFileType = file.xib; path = EditHeroPowerViewController.xib; sourceTree = "<group>"; };
		493ABA47245D8CD500C41295 /* EditHeroPowerViewModel.swift */ = {isa = PBXFileReference; lastKnownFileType = sourcecode.swift; path = EditHeroPowerViewModel.swift; sourceTree = "<group>"; };
		493ABA49245DB8F900C41295 /* EditAvengerPowerViewModel.swift */ = {isa = PBXFileReference; lastKnownFileType = sourcecode.swift; path = EditAvengerPowerViewModel.swift; sourceTree = "<group>"; };
		493ABA4B245DE4C700C41295 /* EditVillainPowerViewModel.swift */ = {isa = PBXFileReference; lastKnownFileType = sourcecode.swift; path = EditVillainPowerViewModel.swift; sourceTree = "<group>"; };
		49A3369F2459E14700C4A899 /* HeroDetailViewModel.swift */ = {isa = PBXFileReference; lastKnownFileType = sourcecode.swift; path = HeroDetailViewModel.swift; sourceTree = "<group>"; };
		49A336A12459E3CE00C4A899 /* AvengerDetailViewModel.swift */ = {isa = PBXFileReference; lastKnownFileType = sourcecode.swift; path = AvengerDetailViewModel.swift; sourceTree = "<group>"; };
		49A336A32459ED7E00C4A899 /* VillainDetailViewModel.swift */ = {isa = PBXFileReference; lastKnownFileType = sourcecode.swift; path = VillainDetailViewModel.swift; sourceTree = "<group>"; };
		49A336A62459F1BB00C4A899 /* BattleCell.swift */ = {isa = PBXFileReference; lastKnownFileType = sourcecode.swift; path = BattleCell.swift; sourceTree = "<group>"; };
		49A336A72459F1BB00C4A899 /* BattleCell.xib */ = {isa = PBXFileReference; lastKnownFileType = file.xib; path = BattleCell.xib; sourceTree = "<group>"; };
		49AE3DBE245897100099D447 /* Hero.swift */ = {isa = PBXFileReference; lastKnownFileType = sourcecode.swift; path = Hero.swift; sourceTree = "<group>"; };
		49AE3DC024589C790099D447 /* SettingsRepository.swift */ = {isa = PBXFileReference; lastKnownFileType = sourcecode.swift; path = SettingsRepository.swift; sourceTree = "<group>"; };
		49AE3DC324589D6F0099D447 /* SettingsRepositoryUserDefaults.swift */ = {isa = PBXFileReference; lastKnownFileType = sourcecode.swift; path = SettingsRepositoryUserDefaults.swift; sourceTree = "<group>"; };
		49AE3DC62458A13A0099D447 /* Log.swift */ = {isa = PBXFileReference; lastKnownFileType = sourcecode.swift; path = Log.swift; sourceTree = "<group>"; };
		49AE3DC82458A6210099D447 /* VillainsRepository.swift */ = {isa = PBXFileReference; lastKnownFileType = sourcecode.swift; path = VillainsRepository.swift; sourceTree = "<group>"; };
		49AE3DCA2458A9460099D447 /* villains_data.json */ = {isa = PBXFileReference; fileEncoding = 4; lastKnownFileType = text.json; path = villains_data.json; sourceTree = "<group>"; };
		49AE3DCC2458A9BF0099D447 /* VillainsViewModel.swift */ = {isa = PBXFileReference; lastKnownFileType = sourcecode.swift; path = VillainsViewModel.swift; sourceTree = "<group>"; };
		49AE3DCE2458AB340099D447 /* VillainsRepositoryCoreData.swift */ = {isa = PBXFileReference; lastKnownFileType = sourcecode.swift; path = VillainsRepositoryCoreData.swift; sourceTree = "<group>"; };
		49AE3DD12458AEDD0099D447 /* HeroDetailViewController.swift */ = {isa = PBXFileReference; lastKnownFileType = sourcecode.swift; path = HeroDetailViewController.swift; sourceTree = "<group>"; };
		49AE3DD22458AEDD0099D447 /* HeroDetailViewController.xib */ = {isa = PBXFileReference; lastKnownFileType = file.xib; path = HeroDetailViewController.xib; sourceTree = "<group>"; };
		49BF157724521AB200FD5BEE /* AvengersApp.app */ = {isa = PBXFileReference; explicitFileType = wrapper.application; includeInIndex = 0; path = AvengersApp.app; sourceTree = BUILT_PRODUCTS_DIR; };
		49BF157A24521AB200FD5BEE /* AppDelegate.swift */ = {isa = PBXFileReference; lastKnownFileType = sourcecode.swift; path = AppDelegate.swift; sourceTree = "<group>"; };
		49BF157C24521AB200FD5BEE /* SceneDelegate.swift */ = {isa = PBXFileReference; lastKnownFileType = sourcecode.swift; path = SceneDelegate.swift; sourceTree = "<group>"; };
		49BF158424521AB200FD5BEE /* AvengersApp.xcdatamodel */ = {isa = PBXFileReference; lastKnownFileType = wrapper.xcdatamodel; path = AvengersApp.xcdatamodel; sourceTree = "<group>"; };
		49BF158624521AB500FD5BEE /* Assets.xcassets */ = {isa = PBXFileReference; lastKnownFileType = folder.assetcatalog; path = Assets.xcassets; sourceTree = "<group>"; };
		49BF158924521AB500FD5BEE /* Base */ = {isa = PBXFileReference; lastKnownFileType = file.storyboard; name = Base; path = Base.lproj/LaunchScreen.storyboard; sourceTree = "<group>"; };
		49BF158B24521AB500FD5BEE /* Info.plist */ = {isa = PBXFileReference; lastKnownFileType = text.plist.xml; path = Info.plist; sourceTree = "<group>"; };
		49BF159724521F1400FD5BEE /* Coordinator.swift */ = {isa = PBXFileReference; lastKnownFileType = sourcecode.swift; path = Coordinator.swift; sourceTree = "<group>"; };
		49BF159924521F6500FD5BEE /* AppCoordinator.swift */ = {isa = PBXFileReference; lastKnownFileType = sourcecode.swift; path = AppCoordinator.swift; sourceTree = "<group>"; };
		49BF159C245221BB00FD5BEE /* AvengersViewController.swift */ = {isa = PBXFileReference; lastKnownFileType = sourcecode.swift; path = AvengersViewController.swift; sourceTree = "<group>"; };
		49BF159D245221BB00FD5BEE /* AvengersViewController.xib */ = {isa = PBXFileReference; lastKnownFileType = file.xib; path = AvengersViewController.xib; sourceTree = "<group>"; };
		49BF15A02452224B00FD5BEE /* AvengersCoordinator.swift */ = {isa = PBXFileReference; lastKnownFileType = sourcecode.swift; path = AvengersCoordinator.swift; sourceTree = "<group>"; };
		49BF15A624523E0000FD5BEE /* Colors.xcassets */ = {isa = PBXFileReference; lastKnownFileType = folder.assetcatalog; path = Colors.xcassets; sourceTree = "<group>"; };
		49BF15A924523E7D00FD5BEE /* UIColor.swift */ = {isa = PBXFileReference; lastKnownFileType = sourcecode.swift; path = UIColor.swift; sourceTree = "<group>"; };
		49BF15AC24523F4E00FD5BEE /* VillainsViewController.swift */ = {isa = PBXFileReference; lastKnownFileType = sourcecode.swift; path = VillainsViewController.swift; sourceTree = "<group>"; };
		49BF15AD24523F4E00FD5BEE /* VillainsViewController.xib */ = {isa = PBXFileReference; lastKnownFileType = file.xib; path = VillainsViewController.xib; sourceTree = "<group>"; };
		49BF15B024523F6C00FD5BEE /* VillainsCoordinator.swift */ = {isa = PBXFileReference; lastKnownFileType = sourcecode.swift; path = VillainsCoordinator.swift; sourceTree = "<group>"; };
		49BF15B32452407C00FD5BEE /* BattlesViewController.swift */ = {isa = PBXFileReference; lastKnownFileType = sourcecode.swift; path = BattlesViewController.swift; sourceTree = "<group>"; };
		49BF15B42452407C00FD5BEE /* BattlesViewController.xib */ = {isa = PBXFileReference; lastKnownFileType = file.xib; path = BattlesViewController.xib; sourceTree = "<group>"; };
		49BF15B7245240C000FD5BEE /* BattlesCoordinator.swift */ = {isa = PBXFileReference; lastKnownFileType = sourcecode.swift; path = BattlesCoordinator.swift; sourceTree = "<group>"; };
		49BF15BC245242AF00FD5BEE /* HeroCell.swift */ = {isa = PBXFileReference; lastKnownFileType = sourcecode.swift; path = HeroCell.swift; sourceTree = "<group>"; };
		49BF15BD245242AF00FD5BEE /* HeroCell.xib */ = {isa = PBXFileReference; lastKnownFileType = file.xib; path = HeroCell.xib; sourceTree = "<group>"; };
		49BF15C02452430100FD5BEE /* NibLoadableView.swift */ = {isa = PBXFileReference; lastKnownFileType = sourcecode.swift; path = NibLoadableView.swift; sourceTree = "<group>"; };
		49BF15C22452431900FD5BEE /* ReusableView.swift */ = {isa = PBXFileReference; lastKnownFileType = sourcecode.swift; path = ReusableView.swift; sourceTree = "<group>"; };
		49D6580F24573F65000EBF4B /* AvengersViewModel.swift */ = {isa = PBXFileReference; lastKnownFileType = sourcecode.swift; path = AvengersViewModel.swift; sourceTree = "<group>"; };
		49D658112457407C000EBF4B /* HeroCellViewModel.swift */ = {isa = PBXFileReference; lastKnownFileType = sourcecode.swift; path = HeroCellViewModel.swift; sourceTree = "<group>"; };
		49D6581324574858000EBF4B /* AvengersRepository.swift */ = {isa = PBXFileReference; lastKnownFileType = sourcecode.swift; path = AvengersRepository.swift; sourceTree = "<group>"; };
		49D658162457495D000EBF4B /* AvengersRepositoryCoreData.swift */ = {isa = PBXFileReference; lastKnownFileType = sourcecode.swift; path = AvengersRepositoryCoreData.swift; sourceTree = "<group>"; };
		49D6581824574A52000EBF4B /* CoreDataDatabase.swift */ = {isa = PBXFileReference; lastKnownFileType = sourcecode.swift; path = CoreDataDatabase.swift; sourceTree = "<group>"; };
		49D6581A24574C01000EBF4B /* CoreDataRepository.swift */ = {isa = PBXFileReference; lastKnownFileType = sourcecode.swift; path = CoreDataRepository.swift; sourceTree = "<group>"; };
		49D6581E24575E1B000EBF4B /* avengers_data.json */ = {isa = PBXFileReference; fileEncoding = 4; lastKnownFileType = text.json; path = avengers_data.json; sourceTree = "<group>"; };
/* End PBXFileReference section */

/* Begin PBXFrameworksBuildPhase section */
		49BF157424521AB200FD5BEE /* Frameworks */ = {
			isa = PBXFrameworksBuildPhase;
			buildActionMask = 2147483647;
			files = (
			);
			runOnlyForDeploymentPostprocessing = 0;
		};
/* End PBXFrameworksBuildPhase section */

/* Begin PBXGroup section */
		493ABA1C245B438C00C41295 /* CreateBattle */ = {
			isa = PBXGroup;
			children = (
				493ABA1D245B43B600C41295 /* CreateBattleViewController.swift */,
				493ABA1E245B43B600C41295 /* CreateBattleViewController.xib */,
				493ABA2B245C0D7D00C41295 /* CreateBattleViewModel.swift */,
			);
			path = CreateBattle;
			sourceTree = "<group>";
		};
		493ABA33245D657000C41295 /* BattleSmall */ = {
			isa = PBXGroup;
			children = (
				493ABA38245D695A00C41295 /* BattleSmallCellViewModel.swift */,
				493ABA3A245D739300C41295 /* BattleSmallCell.swift */,
				493ABA3B245D739300C41295 /* BattleSmallCell.xib */,
			);
			path = BattleSmall;
			sourceTree = "<group>";
		};
		493ABA42245D85A200C41295 /* EditHeroPower */ = {
			isa = PBXGroup;
			children = (
				493ABA43245D85D800C41295 /* EditHeroPowerViewController.swift */,
				493ABA44245D85D800C41295 /* EditHeroPowerViewController.xib */,
				493ABA47245D8CD500C41295 /* EditHeroPowerViewModel.swift */,
				493ABA49245DB8F900C41295 /* EditAvengerPowerViewModel.swift */,
				493ABA4B245DE4C700C41295 /* EditVillainPowerViewModel.swift */,
			);
			path = EditHeroPower;
			sourceTree = "<group>";
		};
		49A336A52459F18600C4A899 /* Battle */ = {
			isa = PBXGroup;
			children = (
				49A336A62459F1BB00C4A899 /* BattleCell.swift */,
				49A336A72459F1BB00C4A899 /* BattleCell.xib */,
				493ABA29245C087500C41295 /* BattleCellViewModel.swift */,
			);
			path = Battle;
			sourceTree = "<group>";
		};
		49AE3DC224589CFC0099D447 /* UserDefaultsRepos */ = {
			isa = PBXGroup;
			children = (
				49AE3DC324589D6F0099D447 /* SettingsRepositoryUserDefaults.swift */,
			);
			path = UserDefaultsRepos;
			sourceTree = "<group>";
		};
		49AE3DC52458A12B0099D447 /* Utils */ = {
			isa = PBXGroup;
			children = (
				49AE3DC62458A13A0099D447 /* Log.swift */,
			);
			path = Utils;
			sourceTree = "<group>";
		};
		49AE3DD02458AEA10099D447 /* HeroDetail */ = {
			isa = PBXGroup;
			children = (
				49AE3DD12458AEDD0099D447 /* HeroDetailViewController.swift */,
				49AE3DD22458AEDD0099D447 /* HeroDetailViewController.xib */,
				49A3369F2459E14700C4A899 /* HeroDetailViewModel.swift */,
				49A336A12459E3CE00C4A899 /* AvengerDetailViewModel.swift */,
				49A336A32459ED7E00C4A899 /* VillainDetailViewModel.swift */,
			);
			path = HeroDetail;
			sourceTree = "<group>";
		};
		49BF156E24521AB200FD5BEE = {
			isa = PBXGroup;
			children = (
				49BF157924521AB200FD5BEE /* AvengersApp */,
				49BF157824521AB200FD5BEE /* Products */,
			);
			sourceTree = "<group>";
		};
		49BF157824521AB200FD5BEE /* Products */ = {
			isa = PBXGroup;
			children = (
				49BF157724521AB200FD5BEE /* AvengersApp.app */,
			);
			name = Products;
			sourceTree = "<group>";
		};
		49BF157924521AB200FD5BEE /* AvengersApp */ = {
			isa = PBXGroup;
			children = (
				49BF159124521CD000FD5BEE /* App */,
				49BF159224521CFB00FD5BEE /* Resources */,
				49BF15A22452307F00FD5BEE /* Common */,
				49BF159324521D1200FD5BEE /* Data */,
				49D6582024575F8A000EBF4B /* Models */,
				49BF159624521EEF00FD5BEE /* Coordinators */,
				49BF159424521E1400FD5BEE /* Scenes */,
				49BF15B92452426900FD5BEE /* UI */,
			);
			path = AvengersApp;
			sourceTree = "<group>";
		};
		49BF159124521CD000FD5BEE /* App */ = {
			isa = PBXGroup;
			children = (
				49BF157A24521AB200FD5BEE /* AppDelegate.swift */,
				49BF157C24521AB200FD5BEE /* SceneDelegate.swift */,
				49BF158B24521AB500FD5BEE /* Info.plist */,
			);
			path = App;
			sourceTree = "<group>";
		};
		49BF159224521CFB00FD5BEE /* Resources */ = {
			isa = PBXGroup;
			children = (
				49BF158624521AB500FD5BEE /* Assets.xcassets */,
				49BF15A624523E0000FD5BEE /* Colors.xcassets */,
			);
			path = Resources;
			sourceTree = "<group>";
		};
		49BF159324521D1200FD5BEE /* Data */ = {
			isa = PBXGroup;
			children = (
				49D6581824574A52000EBF4B /* CoreDataDatabase.swift */,
				49BF158324521AB200FD5BEE /* AvengersApp.xcdatamodeld */,
				49D6581D24575E0E000EBF4B /* JSON */,
				49D65815245748F8000EBF4B /* Repositories */,
			);
			path = Data;
			sourceTree = "<group>";
		};
		49BF159424521E1400FD5BEE /* Scenes */ = {
			isa = PBXGroup;
			children = (
				49BF158824521AB500FD5BEE /* LaunchScreen.storyboard */,
				49BF159B2452219800FD5BEE /* Avengers */,
				49BF15B22452404900FD5BEE /* Battles */,
				493ABA1C245B438C00C41295 /* CreateBattle */,
				493ABA42245D85A200C41295 /* EditHeroPower */,
				49AE3DD02458AEA10099D447 /* HeroDetail */,
				49BF15AB24523F0000FD5BEE /* Villains */,
			);
			path = Scenes;
			sourceTree = "<group>";
		};
		49BF159624521EEF00FD5BEE /* Coordinators */ = {
			isa = PBXGroup;
			children = (
				49BF159724521F1400FD5BEE /* Coordinator.swift */,
				49BF159924521F6500FD5BEE /* AppCoordinator.swift */,
				49BF15A02452224B00FD5BEE /* AvengersCoordinator.swift */,
				49BF15B7245240C000FD5BEE /* BattlesCoordinator.swift */,
				493ABA2F245C168D00C41295 /* CreateBattleCoordinator.swift */,
				493ABA3E245D7C2A00C41295 /* HeroDetailCoordinator.swift */,
				49BF15B024523F6C00FD5BEE /* VillainsCoordinator.swift */,
			);
			path = Coordinators;
			sourceTree = "<group>";
		};
		49BF159B2452219800FD5BEE /* Avengers */ = {
			isa = PBXGroup;
			children = (
				49BF159C245221BB00FD5BEE /* AvengersViewController.swift */,
				49BF159D245221BB00FD5BEE /* AvengersViewController.xib */,
				49D6580F24573F65000EBF4B /* AvengersViewModel.swift */,
			);
			path = Avengers;
			sourceTree = "<group>";
		};
		49BF15A22452307F00FD5BEE /* Common */ = {
			isa = PBXGroup;
			children = (
				49BF15A824523E6100FD5BEE /* Extensions */,
				49BF15A32452308D00FD5BEE /* Protocols */,
				49AE3DC52458A12B0099D447 /* Utils */,
			);
			path = Common;
			sourceTree = "<group>";
		};
		49BF15A32452308D00FD5BEE /* Protocols */ = {
			isa = PBXGroup;
			children = (
				49BF15C02452430100FD5BEE /* NibLoadableView.swift */,
				49BF15C22452431900FD5BEE /* ReusableView.swift */,
			);
			path = Protocols;
			sourceTree = "<group>";
		};
		49BF15A824523E6100FD5BEE /* Extensions */ = {
			isa = PBXGroup;
			children = (
				49BF15A924523E7D00FD5BEE /* UIColor.swift */,
				493ABA31245C329F00C41295 /* UIViewController.swift */,
			);
			path = Extensions;
			sourceTree = "<group>";
		};
		49BF15AB24523F0000FD5BEE /* Villains */ = {
			isa = PBXGroup;
			children = (
				49BF15AC24523F4E00FD5BEE /* VillainsViewController.swift */,
				49BF15AD24523F4E00FD5BEE /* VillainsViewController.xib */,
				49AE3DCC2458A9BF0099D447 /* VillainsViewModel.swift */,
			);
			path = Villains;
			sourceTree = "<group>";
		};
		49BF15B22452404900FD5BEE /* Battles */ = {
			isa = PBXGroup;
			children = (
				49BF15B32452407C00FD5BEE /* BattlesViewController.swift */,
				49BF15B42452407C00FD5BEE /* BattlesViewController.xib */,
				493ABA21245B49CB00C41295 /* BattlesViewModel.swift */,
			);
			path = Battles;
			sourceTree = "<group>";
		};
		49BF15B92452426900FD5BEE /* UI */ = {
			isa = PBXGroup;
			children = (
				49BF15BA2452427600FD5BEE /* Cell */,
			);
			path = UI;
			sourceTree = "<group>";
		};
		49BF15BA2452427600FD5BEE /* Cell */ = {
			isa = PBXGroup;
			children = (
				493ABA33245D657000C41295 /* BattleSmall */,
				49A336A52459F18600C4A899 /* Battle */,
				49BF15BB2452428000FD5BEE /* Hero */,
			);
			path = Cell;
			sourceTree = "<group>";
		};
		49BF15BB2452428000FD5BEE /* Hero */ = {
			isa = PBXGroup;
			children = (
				49BF15BC245242AF00FD5BEE /* HeroCell.swift */,
				49BF15BD245242AF00FD5BEE /* HeroCell.xib */,
				49D658112457407C000EBF4B /* HeroCellViewModel.swift */,
			);
			path = Hero;
			sourceTree = "<group>";
		};
		49D65815245748F8000EBF4B /* Repositories */ = {
			isa = PBXGroup;
			children = (
				49D6581324574858000EBF4B /* AvengersRepository.swift */,
				493ABA23245C032B00C41295 /* BattlesRepository.swift */,
				49AE3DC024589C790099D447 /* SettingsRepository.swift */,
				49AE3DC82458A6210099D447 /* VillainsRepository.swift */,
				49D6581C24574FED000EBF4B /* CoreDataRepos */,
				49AE3DC224589CFC0099D447 /* UserDefaultsRepos */,
			);
			path = Repositories;
			sourceTree = "<group>";
		};
		49D6581C24574FED000EBF4B /* CoreDataRepos */ = {
			isa = PBXGroup;
			children = (
				49D658162457495D000EBF4B /* AvengersRepositoryCoreData.swift */,
				493ABA25245C03E300C41295 /* BattlesRepositoryCoreData.swift */,
				49D6581A24574C01000EBF4B /* CoreDataRepository.swift */,
				49AE3DCE2458AB340099D447 /* VillainsRepositoryCoreData.swift */,
			);
			path = CoreDataRepos;
			sourceTree = "<group>";
		};
		49D6581D24575E0E000EBF4B /* JSON */ = {
			isa = PBXGroup;
			children = (
				49D6581E24575E1B000EBF4B /* avengers_data.json */,
				49AE3DCA2458A9460099D447 /* villains_data.json */,
			);
			path = JSON;
			sourceTree = "<group>";
		};
		49D6582024575F8A000EBF4B /* Models */ = {
			isa = PBXGroup;
			children = (
				493ABA2D245C0F1100C41295 /* BattleResult.swift */,
				49AE3DBE245897100099D447 /* Hero.swift */,
				493ABA40245D801700C41295 /* HeroType.swift */,
			);
			path = Models;
			sourceTree = "<group>";
		};
/* End PBXGroup section */

/* Begin PBXNativeTarget section */
		49BF157624521AB200FD5BEE /* AvengersApp */ = {
			isa = PBXNativeTarget;
			buildConfigurationList = 49BF158E24521AB500FD5BEE /* Build configuration list for PBXNativeTarget "AvengersApp" */;
			buildPhases = (
				49BF157324521AB200FD5BEE /* Sources */,
				49BF157424521AB200FD5BEE /* Frameworks */,
				49BF157524521AB200FD5BEE /* Resources */,
			);
			buildRules = (
			);
			dependencies = (
			);
			name = AvengersApp;
			productName = AvengersApp;
			productReference = 49BF157724521AB200FD5BEE /* AvengersApp.app */;
			productType = "com.apple.product-type.application";
		};
/* End PBXNativeTarget section */

/* Begin PBXProject section */
		49BF156F24521AB200FD5BEE /* Project object */ = {
			isa = PBXProject;
			attributes = {
				LastSwiftUpdateCheck = 1140;
				LastUpgradeCheck = 1140;
				ORGANIZATIONNAME = "Javier Laguna";
				TargetAttributes = {
					49BF157624521AB200FD5BEE = {
						CreatedOnToolsVersion = 11.4.1;
					};
				};
			};
			buildConfigurationList = 49BF157224521AB200FD5BEE /* Build configuration list for PBXProject "AvengersApp" */;
			compatibilityVersion = "Xcode 9.3";
			developmentRegion = en;
			hasScannedForEncodings = 0;
			knownRegions = (
				en,
				Base,
			);
			mainGroup = 49BF156E24521AB200FD5BEE;
			productRefGroup = 49BF157824521AB200FD5BEE /* Products */;
			projectDirPath = "";
			projectRoot = "";
			targets = (
				49BF157624521AB200FD5BEE /* AvengersApp */,
			);
		};
/* End PBXProject section */

/* Begin PBXResourcesBuildPhase section */
		49BF157524521AB200FD5BEE /* Resources */ = {
			isa = PBXResourcesBuildPhase;
			buildActionMask = 2147483647;
			files = (
				49BF158A24521AB500FD5BEE /* LaunchScreen.storyboard in Resources */,
				49BF15A724523E0000FD5BEE /* Colors.xcassets in Resources */,
				493ABA20245B43B600C41295 /* CreateBattleViewController.xib in Resources */,
				49BF159F245221BB00FD5BEE /* AvengersViewController.xib in Resources */,
				493ABA46245D85D800C41295 /* EditHeroPowerViewController.xib in Resources */,
				49BF15BF245242AF00FD5BEE /* HeroCell.xib in Resources */,
				49AE3DCB2458A9460099D447 /* villains_data.json in Resources */,
				49BF15AF24523F4E00FD5BEE /* VillainsViewController.xib in Resources */,
				49BF15B62452407C00FD5BEE /* BattlesViewController.xib in Resources */,
				49AE3DD42458AEDD0099D447 /* HeroDetailViewController.xib in Resources */,
				493ABA3D245D739300C41295 /* BattleSmallCell.xib in Resources */,
				49D6581F24575E1B000EBF4B /* avengers_data.json in Resources */,
				49A336A92459F1BB00C4A899 /* BattleCell.xib in Resources */,
				49BF158724521AB500FD5BEE /* Assets.xcassets in Resources */,
			);
			runOnlyForDeploymentPostprocessing = 0;
		};
/* End PBXResourcesBuildPhase section */

/* Begin PBXSourcesBuildPhase section */
		49BF157324521AB200FD5BEE /* Sources */ = {
			isa = PBXSourcesBuildPhase;
			buildActionMask = 2147483647;
			files = (
				493ABA2E245C0F1100C41295 /* BattleResult.swift in Sources */,
				493ABA1F245B43B600C41295 /* CreateBattleViewController.swift in Sources */,
				493ABA4A245DB8F900C41295 /* EditAvengerPowerViewModel.swift in Sources */,
				49BF159E245221BB00FD5BEE /* AvengersViewController.swift in Sources */,
				49BF15BE245242AF00FD5BEE /* HeroCell.swift in Sources */,
				49BF15C12452430100FD5BEE /* NibLoadableView.swift in Sources */,
				49AE3DC92458A6210099D447 /* VillainsRepository.swift in Sources */,
				49BF159A24521F6500FD5BEE /* AppCoordinator.swift in Sources */,
				49A336A42459ED7E00C4A899 /* VillainDetailViewModel.swift in Sources */,
				493ABA2C245C0D7D00C41295 /* CreateBattleViewModel.swift in Sources */,
				493ABA3C245D739300C41295 /* BattleSmallCell.swift in Sources */,
				49BF158524521AB200FD5BEE /* AvengersApp.xcdatamodeld in Sources */,
				493ABA26245C03E300C41295 /* BattlesRepositoryCoreData.swift in Sources */,
				493ABA45245D85D800C41295 /* EditHeroPowerViewController.swift in Sources */,
				49BF15A12452224B00FD5BEE /* AvengersCoordinator.swift in Sources */,
				49AE3DD32458AEDD0099D447 /* HeroDetailViewController.swift in Sources */,
				49BF15C32452431900FD5BEE /* ReusableView.swift in Sources */,
				493ABA32245C329F00C41295 /* UIViewController.swift in Sources */,
				493ABA4C245DE4C700C41295 /* EditVillainPowerViewModel.swift in Sources */,
				49A336A82459F1BB00C4A899 /* BattleCell.swift in Sources */,
				49A336A02459E14700C4A899 /* HeroDetailViewModel.swift in Sources */,
				49A336A22459E3CE00C4A899 /* AvengerDetailViewModel.swift in Sources */,
				493ABA48245D8CD500C41295 /* EditHeroPowerViewModel.swift in Sources */,
				49AE3DC72458A13A0099D447 /* Log.swift in Sources */,
				49BF159824521F1400FD5BEE /* Coordinator.swift in Sources */,
				49BF15AE24523F4E00FD5BEE /* VillainsViewController.swift in Sources */,
				493ABA24245C032B00C41295 /* BattlesRepository.swift in Sources */,
				49D6581924574A52000EBF4B /* CoreDataDatabase.swift in Sources */,
				49D6581024573F65000EBF4B /* AvengersViewModel.swift in Sources */,
				49AE3DCD2458A9BF0099D447 /* VillainsViewModel.swift in Sources */,
				493ABA39245D695A00C41295 /* BattleSmallCellViewModel.swift in Sources */,
				493ABA41245D801800C41295 /* HeroType.swift in Sources */,
				493ABA3F245D7C2A00C41295 /* HeroDetailCoordinator.swift in Sources */,
				493ABA30245C168D00C41295 /* CreateBattleCoordinator.swift in Sources */,
				49AE3DC124589C790099D447 /* SettingsRepository.swift in Sources */,
				49D6581424574858000EBF4B /* AvengersRepository.swift in Sources */,
				49AE3DCF2458AB340099D447 /* VillainsRepositoryCoreData.swift in Sources */,
				49D658172457495D000EBF4B /* AvengersRepositoryCoreData.swift in Sources */,
				49D6581B24574C01000EBF4B /* CoreDataRepository.swift in Sources */,
				49AE3DC424589D6F0099D447 /* SettingsRepositoryUserDefaults.swift in Sources */,
				49BF15B8245240C000FD5BEE /* BattlesCoordinator.swift in Sources */,
				493ABA22245B49CB00C41295 /* BattlesViewModel.swift in Sources */,
				49D658122457407C000EBF4B /* HeroCellViewModel.swift in Sources */,
				49BF15B124523F6C00FD5BEE /* VillainsCoordinator.swift in Sources */,
				49AE3DBF245897100099D447 /* Hero.swift in Sources */,
				49BF15AA24523E7D00FD5BEE /* UIColor.swift in Sources */,
				493ABA2A245C087500C41295 /* BattleCellViewModel.swift in Sources */,
				49BF157B24521AB200FD5BEE /* AppDelegate.swift in Sources */,
				49BF157D24521AB200FD5BEE /* SceneDelegate.swift in Sources */,
				49BF15B52452407C00FD5BEE /* BattlesViewController.swift in Sources */,
			);
			runOnlyForDeploymentPostprocessing = 0;
		};
/* End PBXSourcesBuildPhase section */

/* Begin PBXVariantGroup section */
		49BF158824521AB500FD5BEE /* LaunchScreen.storyboard */ = {
			isa = PBXVariantGroup;
			children = (
				49BF158924521AB500FD5BEE /* Base */,
			);
			name = LaunchScreen.storyboard;
			sourceTree = "<group>";
		};
/* End PBXVariantGroup section */

/* Begin XCBuildConfiguration section */
		49BF158C24521AB500FD5BEE /* Debug */ = {
			isa = XCBuildConfiguration;
			buildSettings = {
				ALWAYS_SEARCH_USER_PATHS = NO;
				CLANG_ANALYZER_NONNULL = YES;
				CLANG_ANALYZER_NUMBER_OBJECT_CONVERSION = YES_AGGRESSIVE;
				CLANG_CXX_LANGUAGE_STANDARD = "gnu++14";
				CLANG_CXX_LIBRARY = "libc++";
				CLANG_ENABLE_MODULES = YES;
				CLANG_ENABLE_OBJC_ARC = YES;
				CLANG_ENABLE_OBJC_WEAK = YES;
				CLANG_WARN_BLOCK_CAPTURE_AUTORELEASING = YES;
				CLANG_WARN_BOOL_CONVERSION = YES;
				CLANG_WARN_COMMA = YES;
				CLANG_WARN_CONSTANT_CONVERSION = YES;
				CLANG_WARN_DEPRECATED_OBJC_IMPLEMENTATIONS = YES;
				CLANG_WARN_DIRECT_OBJC_ISA_USAGE = YES_ERROR;
				CLANG_WARN_DOCUMENTATION_COMMENTS = YES;
				CLANG_WARN_EMPTY_BODY = YES;
				CLANG_WARN_ENUM_CONVERSION = YES;
				CLANG_WARN_INFINITE_RECURSION = YES;
				CLANG_WARN_INT_CONVERSION = YES;
				CLANG_WARN_NON_LITERAL_NULL_CONVERSION = YES;
				CLANG_WARN_OBJC_IMPLICIT_RETAIN_SELF = YES;
				CLANG_WARN_OBJC_LITERAL_CONVERSION = YES;
				CLANG_WARN_OBJC_ROOT_CLASS = YES_ERROR;
				CLANG_WARN_RANGE_LOOP_ANALYSIS = YES;
				CLANG_WARN_STRICT_PROTOTYPES = YES;
				CLANG_WARN_SUSPICIOUS_MOVE = YES;
				CLANG_WARN_UNGUARDED_AVAILABILITY = YES_AGGRESSIVE;
				CLANG_WARN_UNREACHABLE_CODE = YES;
				CLANG_WARN__DUPLICATE_METHOD_MATCH = YES;
				COPY_PHASE_STRIP = NO;
				DEBUG_INFORMATION_FORMAT = dwarf;
				ENABLE_STRICT_OBJC_MSGSEND = YES;
				ENABLE_TESTABILITY = YES;
				GCC_C_LANGUAGE_STANDARD = gnu11;
				GCC_DYNAMIC_NO_PIC = NO;
				GCC_NO_COMMON_BLOCKS = YES;
				GCC_OPTIMIZATION_LEVEL = 0;
				GCC_PREPROCESSOR_DEFINITIONS = (
					"DEBUG=1",
					"$(inherited)",
				);
				GCC_WARN_64_TO_32_BIT_CONVERSION = YES;
				GCC_WARN_ABOUT_RETURN_TYPE = YES_ERROR;
				GCC_WARN_UNDECLARED_SELECTOR = YES;
				GCC_WARN_UNINITIALIZED_AUTOS = YES_AGGRESSIVE;
				GCC_WARN_UNUSED_FUNCTION = YES;
				GCC_WARN_UNUSED_VARIABLE = YES;
				IPHONEOS_DEPLOYMENT_TARGET = 13.4;
				MTL_ENABLE_DEBUG_INFO = INCLUDE_SOURCE;
				MTL_FAST_MATH = YES;
				ONLY_ACTIVE_ARCH = YES;
				SDKROOT = iphoneos;
				SWIFT_ACTIVE_COMPILATION_CONDITIONS = DEBUG;
				SWIFT_OPTIMIZATION_LEVEL = "-Onone";
			};
			name = Debug;
		};
		49BF158D24521AB500FD5BEE /* Release */ = {
			isa = XCBuildConfiguration;
			buildSettings = {
				ALWAYS_SEARCH_USER_PATHS = NO;
				CLANG_ANALYZER_NONNULL = YES;
				CLANG_ANALYZER_NUMBER_OBJECT_CONVERSION = YES_AGGRESSIVE;
				CLANG_CXX_LANGUAGE_STANDARD = "gnu++14";
				CLANG_CXX_LIBRARY = "libc++";
				CLANG_ENABLE_MODULES = YES;
				CLANG_ENABLE_OBJC_ARC = YES;
				CLANG_ENABLE_OBJC_WEAK = YES;
				CLANG_WARN_BLOCK_CAPTURE_AUTORELEASING = YES;
				CLANG_WARN_BOOL_CONVERSION = YES;
				CLANG_WARN_COMMA = YES;
				CLANG_WARN_CONSTANT_CONVERSION = YES;
				CLANG_WARN_DEPRECATED_OBJC_IMPLEMENTATIONS = YES;
				CLANG_WARN_DIRECT_OBJC_ISA_USAGE = YES_ERROR;
				CLANG_WARN_DOCUMENTATION_COMMENTS = YES;
				CLANG_WARN_EMPTY_BODY = YES;
				CLANG_WARN_ENUM_CONVERSION = YES;
				CLANG_WARN_INFINITE_RECURSION = YES;
				CLANG_WARN_INT_CONVERSION = YES;
				CLANG_WARN_NON_LITERAL_NULL_CONVERSION = YES;
				CLANG_WARN_OBJC_IMPLICIT_RETAIN_SELF = YES;
				CLANG_WARN_OBJC_LITERAL_CONVERSION = YES;
				CLANG_WARN_OBJC_ROOT_CLASS = YES_ERROR;
				CLANG_WARN_RANGE_LOOP_ANALYSIS = YES;
				CLANG_WARN_STRICT_PROTOTYPES = YES;
				CLANG_WARN_SUSPICIOUS_MOVE = YES;
				CLANG_WARN_UNGUARDED_AVAILABILITY = YES_AGGRESSIVE;
				CLANG_WARN_UNREACHABLE_CODE = YES;
				CLANG_WARN__DUPLICATE_METHOD_MATCH = YES;
				COPY_PHASE_STRIP = NO;
				DEBUG_INFORMATION_FORMAT = "dwarf-with-dsym";
				ENABLE_NS_ASSERTIONS = NO;
				ENABLE_STRICT_OBJC_MSGSEND = YES;
				GCC_C_LANGUAGE_STANDARD = gnu11;
				GCC_NO_COMMON_BLOCKS = YES;
				GCC_WARN_64_TO_32_BIT_CONVERSION = YES;
				GCC_WARN_ABOUT_RETURN_TYPE = YES_ERROR;
				GCC_WARN_UNDECLARED_SELECTOR = YES;
				GCC_WARN_UNINITIALIZED_AUTOS = YES_AGGRESSIVE;
				GCC_WARN_UNUSED_FUNCTION = YES;
				GCC_WARN_UNUSED_VARIABLE = YES;
				IPHONEOS_DEPLOYMENT_TARGET = 13.4;
				MTL_ENABLE_DEBUG_INFO = NO;
				MTL_FAST_MATH = YES;
				SDKROOT = iphoneos;
				SWIFT_COMPILATION_MODE = wholemodule;
				SWIFT_OPTIMIZATION_LEVEL = "-O";
				VALIDATE_PRODUCT = YES;
			};
			name = Release;
		};
		49BF158F24521AB500FD5BEE /* Debug */ = {
			isa = XCBuildConfiguration;
			buildSettings = {
				ASSETCATALOG_COMPILER_APPICON_NAME = AppIcon;
				CODE_SIGN_STYLE = Automatic;
				INFOPLIST_FILE = AvengersApp/App/Info.plist;
				LD_RUNPATH_SEARCH_PATHS = (
					"$(inherited)",
					"@executable_path/Frameworks",
				);
				PRODUCT_BUNDLE_IDENTIFIER = com.laguna.AvengersApp;
				PRODUCT_NAME = "$(TARGET_NAME)";
				SWIFT_VERSION = 5.0;
				TARGETED_DEVICE_FAMILY = "1,2";
			};
			name = Debug;
		};
		49BF159024521AB500FD5BEE /* Release */ = {
			isa = XCBuildConfiguration;
			buildSettings = {
				ASSETCATALOG_COMPILER_APPICON_NAME = AppIcon;
				CODE_SIGN_STYLE = Automatic;
				INFOPLIST_FILE = AvengersApp/App/Info.plist;
				LD_RUNPATH_SEARCH_PATHS = (
					"$(inherited)",
					"@executable_path/Frameworks",
				);
				PRODUCT_BUNDLE_IDENTIFIER = com.laguna.AvengersApp;
				PRODUCT_NAME = "$(TARGET_NAME)";
				SWIFT_VERSION = 5.0;
				TARGETED_DEVICE_FAMILY = "1,2";
			};
			name = Release;
		};
/* End XCBuildConfiguration section */

/* Begin XCConfigurationList section */
		49BF157224521AB200FD5BEE /* Build configuration list for PBXProject "AvengersApp" */ = {
			isa = XCConfigurationList;
			buildConfigurations = (
				49BF158C24521AB500FD5BEE /* Debug */,
				49BF158D24521AB500FD5BEE /* Release */,
			);
			defaultConfigurationIsVisible = 0;
			defaultConfigurationName = Release;
		};
		49BF158E24521AB500FD5BEE /* Build configuration list for PBXNativeTarget "AvengersApp" */ = {
			isa = XCConfigurationList;
			buildConfigurations = (
				49BF158F24521AB500FD5BEE /* Debug */,
				49BF159024521AB500FD5BEE /* Release */,
			);
			defaultConfigurationIsVisible = 0;
			defaultConfigurationName = Release;
		};
/* End XCConfigurationList section */

/* Begin XCVersionGroup section */
		49BF158324521AB200FD5BEE /* AvengersApp.xcdatamodeld */ = {
			isa = XCVersionGroup;
			children = (
				49BF158424521AB200FD5BEE /* AvengersApp.xcdatamodel */,
			);
			currentVersion = 49BF158424521AB200FD5BEE /* AvengersApp.xcdatamodel */;
			path = AvengersApp.xcdatamodeld;
			sourceTree = "<group>";
			versionGroupType = wrapper.xcdatamodel;
		};
/* End XCVersionGroup section */
	};
	rootObject = 49BF156F24521AB200FD5BEE /* Project object */;
}
